
Microsoft Visual Studio Solution File, Format Version 12.00
# Visual Studio Version 16
VisualStudioVersion = 16.0.30711.63
MinimumVisualStudioVersion = 10.0.40219.1
Project("{FAE04EC0-301F-11D3-BF4B-00C04F79EFBC}") = "LocalApiTp", "LocalApiTp\LocalApiTp.csproj", "{587099A8-525D-41F5-ABCC-FE9DB528EB34}"
EndProject
Global
	GlobalSection(SolutionConfigurationPlatforms) = preSolution
		Debug|Any CPU = Debug|Any CPU
		Release|Any CPU = Release|Any CPU
	EndGlobalSection
	GlobalSection(ProjectConfigurationPlatforms) = postSolution
		{587099A8-525D-41F5-ABCC-FE9DB528EB34}.Debug|Any CPU.ActiveCfg = Debug|Any CPU
		{587099A8-525D-41F5-ABCC-FE9DB528EB34}.Debug|Any CPU.Build.0 = Debug|Any CPU
		{587099A8-525D-41F5-ABCC-FE9DB528EB34}.Release|Any CPU.ActiveCfg = Release|Any CPU
		{587099A8-525D-41F5-ABCC-FE9DB528EB34}.Release|Any CPU.Build.0 = Release|Any CPU
	EndGlobalSection
	GlobalSection(SolutionProperties) = preSolution
		HideSolutionNode = FALSE
	EndGlobalSection
	GlobalSection(ExtensibilityGlobals) = postSolution
		SolutionGuid = {40EC9F03-6A1E-465F-9F2E-99AEA6306B3C}
	EndGlobalSection
EndGlobal
